
Microsoft Visual Studio Solution File, Format Version 12.00
# Visual Studio 15
VisualStudioVersion = 15.0.28010.2003
MinimumVisualStudioVersion = 10.0.40219.1
Project("{FAE04EC0-301F-11D3-BF4B-00C04F79EFBC}") = "JSON", "JSON\JSON.csproj", "{6361FD3E-3B73-4C71-8FA7-FBD52ED37496}"
EndProject
Project("{FAE04EC0-301F-11D3-BF4B-00C04F79EFBC}") = "MVC", "MVC\MVC.csproj", "{24C2F114-5554-489D-937E-B5E3FF77135E}"
EndProject
Global
	GlobalSection(SolutionConfigurationPlatforms) = preSolution
		Debug|Any CPU = Debug|Any CPU
		Release|Any CPU = Release|Any CPU
	EndGlobalSection
	GlobalSection(ProjectConfigurationPlatforms) = postSolution
		{6361FD3E-3B73-4C71-8FA7-FBD52ED37496}.Debug|Any CPU.ActiveCfg = Debug|Any CPU
		{6361FD3E-3B73-4C71-8FA7-FBD52ED37496}.Debug|Any CPU.Build.0 = Debug|Any CPU
		{6361FD3E-3B73-4C71-8FA7-FBD52ED37496}.Release|Any CPU.ActiveCfg = Release|Any CPU
		{6361FD3E-3B73-4C71-8FA7-FBD52ED37496}.Release|Any CPU.Build.0 = Release|Any CPU
		{24C2F114-5554-489D-937E-B5E3FF77135E}.Debug|Any CPU.ActiveCfg = Debug|Any CPU
		{24C2F114-5554-489D-937E-B5E3FF77135E}.Debug|Any CPU.Build.0 = Debug|Any CPU
		{24C2F114-5554-489D-937E-B5E3FF77135E}.Release|Any CPU.ActiveCfg = Release|Any CPU
		{24C2F114-5554-489D-937E-B5E3FF77135E}.Release|Any CPU.Build.0 = Release|Any CPU
	EndGlobalSection
	GlobalSection(SolutionProperties) = preSolution
		HideSolutionNode = FALSE
	EndGlobalSection
	GlobalSection(ExtensibilityGlobals) = postSolution
		SolutionGuid = {F641C1C2-07A2-4949-AAA6-D23AB18DD384}
	EndGlobalSection
EndGlobal
